
Microsoft Visual Studio Solution File, Format Version 12.00
# Visual Studio Version 18
VisualStudioVersion = 18.4.11626.88
MinimumVisualStudioVersion = 10.0.40219.1
Project("{FAE04EC0-301F-11D3-BF4B-00C04F79EFBC}") = "Sachssoft.Sasopuls", "Sachssoft.Sasopuls\Sachssoft.Sasopuls.csproj", "{FE09790B-2E3D-CF32-CB66-B03372037DC4}"
EndProject
Project("{FAE04EC0-301F-11D3-BF4B-00C04F79EFBC}") = "Sachssoft.Sasopuls.Test", "Sachssoft.Sasopuls.Test\Sachssoft.Sasopuls.Test.csproj", "{62A4098B-67D8-61FE-FD6E-28FE5A9E22C1}"
EndProject
Project("{D954291E-2A0B-460D-934E-DC6B0785DB48}") = "Sachssoft.Sasopuls.Views.Shared", "Sachssoft.Sasopuls.Views.Shared\Sachssoft.Sasopuls.Views.Shared.shproj", "{315534E4-EC68-4E5C-9456-BF7CB6A6AA31}"
EndProject
Project("{FAE04EC0-301F-11D3-BF4B-00C04F79EFBC}") = "Sachssoft.Sasopuls.Avalonia", "Sachssoft.Sasopuls.Avalonia\Sachssoft.Sasopuls.Avalonia.csproj", "{7CA9150B-524A-46A8-9D4B-7FC3AE374F88}"
EndProject
Project("{2150E333-8FDC-42A3-9474-1A3956D46DE8}") = "Markdown", "Markdown", "{26E6E199-2F29-4120-89D5-EB9E47A61607}"
	ProjectSection(SolutionItems) = preProject
		CHANGELOG.md = CHANGELOG.md
		LICENSE.md = LICENSE.md
		README.md = README.md
		README_de.md = README_de.md
	EndProjectSection
EndProject
Project("{2150E333-8FDC-42A3-9474-1A3956D46DE8}") = "Docu", "Docu", "{481BD992-09D0-415B-BB56-C336D39BF090}"
	ProjectSection(SolutionItems) = preProject
		CommandDispatcher.md = CommandDispatcher.md
	EndProjectSection
EndProject
Project("{2150E333-8FDC-42A3-9474-1A3956D46DE8}") = "Projektmappenelemente", "Projektmappenelemente", "{2F95A746-9439-489E-9D4B-E33843F17FD0}"
	ProjectSection(SolutionItems) = preProject
		nuget-upload.md = nuget-upload.md
	EndProjectSection
EndProject
Project("{FAE04EC0-301F-11D3-BF4B-00C04F79EFBC}") = "Sachssoft.Sasopuls.UnitTest", "Sachssoft.Sasopuls.UnitTest\Sachssoft.Sasopuls.UnitTest.csproj", "{8775C76A-C35D-4553-AB22-F2388272B47C}"
EndProject
Global
	GlobalSection(SolutionConfigurationPlatforms) = preSolution
		Debug|Any CPU = Debug|Any CPU
		Release|Any CPU = Release|Any CPU
	EndGlobalSection
	GlobalSection(ProjectConfigurationPlatforms) = postSolution
		{FE09790B-2E3D-CF32-CB66-B03372037DC4}.Debug|Any CPU.ActiveCfg = Debug|Any CPU
		{FE09790B-2E3D-CF32-CB66-B03372037DC4}.Debug|Any CPU.Build.0 = Debug|Any CPU
		{FE09790B-2E3D-CF32-CB66-B03372037DC4}.Release|Any CPU.ActiveCfg = Release|Any CPU
		{FE09790B-2E3D-CF32-CB66-B03372037DC4}.Release|Any CPU.Build.0 = Release|Any CPU
		{62A4098B-67D8-61FE-FD6E-28FE5A9E22C1}.Debug|Any CPU.ActiveCfg = Debug|Any CPU
		{62A4098B-67D8-61FE-FD6E-28FE5A9E22C1}.Debug|Any CPU.Build.0 = Debug|Any CPU
		{62A4098B-67D8-61FE-FD6E-28FE5A9E22C1}.Release|Any CPU.ActiveCfg = Release|Any CPU
		{62A4098B-67D8-61FE-FD6E-28FE5A9E22C1}.Release|Any CPU.Build.0 = Release|Any CPU
		{7CA9150B-524A-46A8-9D4B-7FC3AE374F88}.Debug|Any CPU.ActiveCfg = Debug|Any CPU
		{7CA9150B-524A-46A8-9D4B-7FC3AE374F88}.Debug|Any CPU.Build.0 = Debug|Any CPU
		{7CA9150B-524A-46A8-9D4B-7FC3AE374F88}.Release|Any CPU.ActiveCfg = Release|Any CPU
		{7CA9150B-524A-46A8-9D4B-7FC3AE374F88}.Release|Any CPU.Build.0 = Release|Any CPU
		{8775C76A-C35D-4553-AB22-F2388272B47C}.Debug|Any CPU.ActiveCfg = Debug|Any CPU
		{8775C76A-C35D-4553-AB22-F2388272B47C}.Debug|Any CPU.Build.0 = Debug|Any CPU
		{8775C76A-C35D-4553-AB22-F2388272B47C}.Release|Any CPU.ActiveCfg = Release|Any CPU
		{8775C76A-C35D-4553-AB22-F2388272B47C}.Release|Any CPU.Build.0 = Release|Any CPU
	EndGlobalSection
	GlobalSection(SolutionProperties) = preSolution
		HideSolutionNode = FALSE
	EndGlobalSection
	GlobalSection(ExtensibilityGlobals) = postSolution
		SolutionGuid = {F302E44E-89FE-4755-B6EE-1928766413C4}
	EndGlobalSection
	GlobalSection(SharedMSBuildProjectFiles) = preSolution
		Sachssoft.Sasopuls.Views.Shared\Sachssoft.Sasopuls.Views.Shared.projitems*{315534e4-ec68-4e5c-9456-bf7cb6a6aa31}*SharedItemsImports = 13
		Sachssoft.Sasopuls.Views.Shared\Sachssoft.Sasopuls.Views.Shared.projitems*{7ca9150b-524a-46a8-9d4b-7fc3ae374f88}*SharedItemsImports = 5
		Sachssoft.Sasopuls.Views.Shared\Sachssoft.Sasopuls.Views.Shared.projitems*{fe09790b-2e3d-cf32-cb66-b03372037dc4}*SharedItemsImports = 5
	EndGlobalSection
EndGlobal
