
Microsoft Visual Studio Solution File, Format Version 12.00
# Visual Studio Version 18
VisualStudioVersion = 18.4.11626.88
MinimumVisualStudioVersion = 10.0.40219.1
Project("{FAE04EC0-301F-11D3-BF4B-00C04F79EFBC}") = "Sachssoft.Sasopuls", "Sachssoft.Sasopuls\Sachssoft.Sasopuls.csproj", "{FE09790B-2E3D-CF32-CB66-B03372037DC4}"
EndProject
Project("{FAE04EC0-301F-11D3-BF4B-00C04F79EFBC}") = "Sachssoft.Sasopuls.Test", "Sachssoft.Sasopuls.Test\Sachssoft.Sasopuls.Test.csproj", "{62A4098B-67D8-61FE-FD6E-28FE5A9E22C1}"
EndProject
Project("{D954291E-2A0B-460D-934E-DC6B0785DB48}") = "Sachssoft.Sasopuls.Views.Shared", "Sachssoft.Sasopuls.Views.Shared\Sachssoft.Sasopuls.Views.Shared.shproj", "{315534E4-EC68-4E5C-9456-BF7CB6A6AA31}"
EndProject
Project("{FAE04EC0-301F-11D3-BF4B-00C04F79EFBC}") = "Sachssoft.Sasopuls.Avalonia", "Sachssoft.Sasopuls.Avalonia\Sachssoft.Sasopuls.Avalonia.csproj", "{7CA9150B-524A-46A8-9D4B-7FC3AE374F88}"
EndProject
Project("{FAE04EC0-301F-11D3-BF4B-00C04F79EFBC}") = "Sachssoft.Sasopuls.WPF", "Sachssoft.Sasopuls.WPF\Sachssoft.Sasopuls.WPF.csproj", "{89F1E21D-510F-41BF-9918-7E62E761476F}"
EndProject
Global
	GlobalSection(SolutionConfigurationPlatforms) = preSolution
		Debug|Any CPU = Debug|Any CPU
		Release|Any CPU = Release|Any CPU
	EndGlobalSection
	GlobalSection(ProjectConfigurationPlatforms) = postSolution
		{FE09790B-2E3D-CF32-CB66-B03372037DC4}.Debug|Any CPU.ActiveCfg = Debug|Any CPU
		{FE09790B-2E3D-CF32-CB66-B03372037DC4}.Debug|Any CPU.Build.0 = Debug|Any CPU
		{FE09790B-2E3D-CF32-CB66-B03372037DC4}.Release|Any CPU.ActiveCfg = Release|Any CPU
		{FE09790B-2E3D-CF32-CB66-B03372037DC4}.Release|Any CPU.Build.0 = Release|Any CPU
		{62A4098B-67D8-61FE-FD6E-28FE5A9E22C1}.Debug|Any CPU.ActiveCfg = Debug|Any CPU
		{62A4098B-67D8-61FE-FD6E-28FE5A9E22C1}.Debug|Any CPU.Build.0 = Debug|Any CPU
		{62A4098B-67D8-61FE-FD6E-28FE5A9E22C1}.Release|Any CPU.ActiveCfg = Release|Any CPU
		{62A4098B-67D8-61FE-FD6E-28FE5A9E22C1}.Release|Any CPU.Build.0 = Release|Any CPU
		{7CA9150B-524A-46A8-9D4B-7FC3AE374F88}.Debug|Any CPU.ActiveCfg = Debug|Any CPU
		{7CA9150B-524A-46A8-9D4B-7FC3AE374F88}.Debug|Any CPU.Build.0 = Debug|Any CPU
		{7CA9150B-524A-46A8-9D4B-7FC3AE374F88}.Release|Any CPU.ActiveCfg = Release|Any CPU
		{7CA9150B-524A-46A8-9D4B-7FC3AE374F88}.Release|Any CPU.Build.0 = Release|Any CPU
		{89F1E21D-510F-41BF-9918-7E62E761476F}.Debug|Any CPU.ActiveCfg = Debug|Any CPU
		{89F1E21D-510F-41BF-9918-7E62E761476F}.Debug|Any CPU.Build.0 = Debug|Any CPU
		{89F1E21D-510F-41BF-9918-7E62E761476F}.Release|Any CPU.ActiveCfg = Release|Any CPU
		{89F1E21D-510F-41BF-9918-7E62E761476F}.Release|Any CPU.Build.0 = Release|Any CPU
	EndGlobalSection
	GlobalSection(SolutionProperties) = preSolution
		HideSolutionNode = FALSE
	EndGlobalSection
	GlobalSection(ExtensibilityGlobals) = postSolution
		SolutionGuid = {F302E44E-89FE-4755-B6EE-1928766413C4}
	EndGlobalSection
	GlobalSection(SharedMSBuildProjectFiles) = preSolution
		Sachssoft.Sasopuls.Views.Shared\Sachssoft.Sasopuls.Views.Shared.projitems*{315534e4-ec68-4e5c-9456-bf7cb6a6aa31}*SharedItemsImports = 13
	EndGlobalSection
EndGlobal
